
Microsoft Visual Studio Solution File, Format Version 12.00
# Visual Studio 15
VisualStudioVersion = 15.0.28010.2046
MinimumVisualStudioVersion = 10.0.40219.1
Project("{FAE04EC0-301F-11D3-BF4B-00C04F79EFBC}") = "OOPMysqlDolgozo", "OOPMysqlDolgozo.csproj", "{B24A54E8-F608-419C-BFA8-3C87924556BE}"
EndProject
Global
	GlobalSection(SolutionConfigurationPlatforms) = preSolution
		Debug|Any CPU = Debug|Any CPU
		Release|Any CPU = Release|Any CPU
	EndGlobalSection
	GlobalSection(ProjectConfigurationPlatforms) = postSolution
		{B24A54E8-F608-419C-BFA8-3C87924556BE}.Debug|Any CPU.ActiveCfg = Debug|Any CPU
		{B24A54E8-F608-419C-BFA8-3C87924556BE}.Debug|Any CPU.Build.0 = Debug|Any CPU
		{B24A54E8-F608-419C-BFA8-3C87924556BE}.Release|Any CPU.ActiveCfg = Release|Any CPU
		{B24A54E8-F608-419C-BFA8-3C87924556BE}.Release|Any CPU.Build.0 = Release|Any CPU
	EndGlobalSection
	GlobalSection(SolutionProperties) = preSolution
		HideSolutionNode = FALSE
	EndGlobalSection
	GlobalSection(ExtensibilityGlobals) = postSolution
		SolutionGuid = {138D3E74-DFCA-47DA-AE2E-9D4C0EF2D3A6}
	EndGlobalSection
EndGlobal
